
Microsoft Visual Studio Solution File, Format Version 12.00
# Visual Studio Version 17
VisualStudioVersion = 17.9.34616.47
MinimumVisualStudioVersion = 10.0.40219.1
Project("{FAE04EC0-301F-11D3-BF4B-00C04F79EFBC}") = "OreratileStudyGroup", "OreratileStudyGroup.csproj", "{CF8F67DE-E7DE-42D5-9D66-A9DAA856C932}"
EndProject
Global
	GlobalSection(SolutionConfigurationPlatforms) = preSolution
		Debug|Any CPU = Debug|Any CPU
		Release|Any CPU = Release|Any CPU
	EndGlobalSection
	GlobalSection(ProjectConfigurationPlatforms) = postSolution
		{CF8F67DE-E7DE-42D5-9D66-A9DAA856C932}.Debug|Any CPU.ActiveCfg = Debug|Any CPU
		{CF8F67DE-E7DE-42D5-9D66-A9DAA856C932}.Debug|Any CPU.Build.0 = Debug|Any CPU
		{CF8F67DE-E7DE-42D5-9D66-A9DAA856C932}.Release|Any CPU.ActiveCfg = Release|Any CPU
		{CF8F67DE-E7DE-42D5-9D66-A9DAA856C932}.Release|Any CPU.Build.0 = Release|Any CPU
	EndGlobalSection
	GlobalSection(SolutionProperties) = preSolution
		HideSolutionNode = FALSE
	EndGlobalSection
	GlobalSection(ExtensibilityGlobals) = postSolution
		SolutionGuid = {68416418-CC47-444E-BAB0-2C9E866C654A}
	EndGlobalSection
EndGlobal
